# Bootstrap tools are separated so pip never modifies itself while installing
# the test/build dependency graph. Hashes are from the corresponding PyPI files.
pip==25.3 \
    --hash=sha256:8d0538dbbd7babbd207f261ed969c65de439f6bc9e5dbd3b3b9a77f25d95f343 \
    --hash=sha256:9655943313a94722b7774661c21049070f6bbb0a1516bf02f7c8d5d9201514cd
setuptools==84.0.0 \
    --hash=sha256:51a52592b3b99e102b609654876bd65f19f999935166d1352678931132b0c670 \
    --hash=sha256:f4695c21257f0d9b537ec2692c941d02ee143b7cc1276941349a546573b2ef73
